
Microsoft Visual Studio Solution File, Format Version 12.00
# Visual Studio Version 17
VisualStudioVersion = 17.6.33801.468
MinimumVisualStudioVersion = 10.0.40219.1
Project("{FAE04EC0-301F-11D3-BF4B-00C04F79EFBC}") = "BlazorServerDemo", "BlazorServerDemo\BlazorServerDemo.csproj", "{E3D3B8AC-178C-43F2-9F7F-F99F17A79C80}"
EndProject
Global
	GlobalSection(SolutionConfigurationPlatforms) = preSolution
		Debug|Any CPU = Debug|Any CPU
		Release|Any CPU = Release|Any CPU
	EndGlobalSection
	GlobalSection(ProjectConfigurationPlatforms) = postSolution
		{E3D3B8AC-178C-43F2-9F7F-F99F17A79C80}.Debug|Any CPU.ActiveCfg = Debug|Any CPU
		{E3D3B8AC-178C-43F2-9F7F-F99F17A79C80}.Debug|Any CPU.Build.0 = Debug|Any CPU
		{E3D3B8AC-178C-43F2-9F7F-F99F17A79C80}.Release|Any CPU.ActiveCfg = Release|Any CPU
		{E3D3B8AC-178C-43F2-9F7F-F99F17A79C80}.Release|Any CPU.Build.0 = Release|Any CPU
	EndGlobalSection
	GlobalSection(SolutionProperties) = preSolution
		HideSolutionNode = FALSE
	EndGlobalSection
	GlobalSection(ExtensibilityGlobals) = postSolution
		SolutionGuid = {A73AE4AA-78C3-426D-9AD8-21651B40569C}
	EndGlobalSection
EndGlobal
